
Microsoft Visual Studio Solution File, Format Version 12.00
# Visual Studio 2013
VisualStudioVersion = 12.0.30501.0
MinimumVisualStudioVersion = 10.0.40219.1
Project("{E24C65DC-7377-472B-9ABA-BC803B73C61A}") = "UmbracoCms.7.1.8", "http://localhost:58802", "{BC8ABE4F-1440-4686-98BB-A263F3EED6F4}"
	ProjectSection(WebsiteProperties) = preProject
		UseIISExpress = "true"
		TargetFrameworkMoniker = ".NETFramework,Version%3Dv4.5"
		Debug.AspNetCompiler.VirtualPath = "/localhost_58802"
		Debug.AspNetCompiler.PhysicalPath = "..\..\..\..\..\..\Working Repositories\GitHub\ExamineMd\src\UmbracoCms\UmbracoCms.7.1.8\"
		Debug.AspNetCompiler.TargetPath = "PrecompiledWeb\localhost_58802\"
		Debug.AspNetCompiler.Updateable = "true"
		Debug.AspNetCompiler.ForceOverwrite = "true"
		Debug.AspNetCompiler.FixedNames = "false"
		Debug.AspNetCompiler.Debug = "True"
		Release.AspNetCompiler.VirtualPath = "/localhost_58802"
		Release.AspNetCompiler.PhysicalPath = "..\..\..\..\..\..\Working Repositories\GitHub\ExamineMd\src\UmbracoCms\UmbracoCms.7.1.8\"
		Release.AspNetCompiler.TargetPath = "PrecompiledWeb\localhost_58802\"
		Release.AspNetCompiler.Updateable = "true"
		Release.AspNetCompiler.ForceOverwrite = "true"
		Release.AspNetCompiler.FixedNames = "false"
		Release.AspNetCompiler.Debug = "False"
		SlnRelativePath = "..\..\..\..\..\..\Working Repositories\GitHub\ExamineMd\src\UmbracoCms\UmbracoCms.7.1.8\"
	EndProjectSection
EndProject
Global
	GlobalSection(SolutionConfigurationPlatforms) = preSolution
		Debug|Any CPU = Debug|Any CPU
	EndGlobalSection
	GlobalSection(ProjectConfigurationPlatforms) = postSolution
		{BC8ABE4F-1440-4686-98BB-A263F3EED6F4}.Debug|Any CPU.ActiveCfg = Debug|Any CPU
		{BC8ABE4F-1440-4686-98BB-A263F3EED6F4}.Debug|Any CPU.Build.0 = Debug|Any CPU
	EndGlobalSection
	GlobalSection(SolutionProperties) = preSolution
		HideSolutionNode = FALSE
	EndGlobalSection
EndGlobal
