
Microsoft Visual Studio Solution File, Format Version 12.00
# Visual Studio 2013
VisualStudioVersion = 12.0.30501.0
MinimumVisualStudioVersion = 10.0.40219.1
Project("{FAE04EC0-301F-11D3-BF4B-00C04F79EFBC}") = "ExamineMd", "ExamineMd\ExamineMd.csproj", "{00265365-A838-4555-AF9A-8E1EC90CA1C0}"
EndProject
Project("{2150E333-8FDC-42A3-9474-1A3956D46DE8}") = "Tests", "Tests", "{743FF9A5-6DC3-4088-AB78-F70CCB48907F}"
EndProject
Project("{2150E333-8FDC-42A3-9474-1A3956D46DE8}") = "Build", "Build", "{BF9E0692-A715-41EA-B207-B5B30295087D}"
	ProjectSection(SolutionItems) = preProject
		..\build\build.bat = ..\build\build.bat
		..\build\ExamineMd.build = ..\build\ExamineMd.build
		..\build\NuSpec\content\App_Data\ExamineMdRoot\ExamineMd.md = ..\build\NuSpec\content\App_Data\ExamineMdRoot\ExamineMd.md
		..\build\NuSpec\ExamineMd.nuspec = ..\build\NuSpec\ExamineMd.nuspec
		..\tools\ExamineMd\ExamineMd.props = ..\tools\ExamineMd\ExamineMd.props
		..\tools\ExamineMd\ExamineMd.targets = ..\tools\ExamineMd\ExamineMd.targets
		..\build\package.xml = ..\build\package.xml
		..\build\readme.txt = ..\build\readme.txt
	EndProjectSection
EndProject
Project("{FAE04EC0-301F-11D3-BF4B-00C04F79EFBC}") = "ExamineMd.Tests.UnitTests", "..\Tests\ExamineMd.Tests.UnitTests\ExamineMd.Tests.UnitTests.csproj", "{595E8ED3-E2FA-4816-9E2C-0E9F8A0B312C}"
EndProject
Project("{E24C65DC-7377-472B-9ABA-BC803B73C61A}") = "ExamineMd.Web.UI", "http://localhost:50378", "{5E4CF8FB-6C6D-49A0-A8D5-2722048065D8}"
	ProjectSection(WebsiteProperties) = preProject
		UseIISExpress = "true"
		TargetFrameworkMoniker = ".NETFramework,Version%3Dv4.0"
		Debug.AspNetCompiler.VirtualPath = "/localhost_50378"
		Debug.AspNetCompiler.PhysicalPath = "ExamineMd.Web.UI\"
		Debug.AspNetCompiler.TargetPath = "PrecompiledWeb\localhost_50378\"
		Debug.AspNetCompiler.Updateable = "true"
		Debug.AspNetCompiler.ForceOverwrite = "true"
		Debug.AspNetCompiler.FixedNames = "false"
		Debug.AspNetCompiler.Debug = "True"
		Release.AspNetCompiler.VirtualPath = "/localhost_50378"
		Release.AspNetCompiler.PhysicalPath = "ExamineMd.Web.UI\"
		Release.AspNetCompiler.TargetPath = "PrecompiledWeb\localhost_50378\"
		Release.AspNetCompiler.Updateable = "true"
		Release.AspNetCompiler.ForceOverwrite = "true"
		Release.AspNetCompiler.FixedNames = "false"
		Release.AspNetCompiler.Debug = "False"
		SlnRelativePath = "ExamineMd.Web.UI\"
	EndProjectSection
EndProject
Global
	GlobalSection(SolutionConfigurationPlatforms) = preSolution
		Debug|Any CPU = Debug|Any CPU
		Release|Any CPU = Release|Any CPU
	EndGlobalSection
	GlobalSection(ProjectConfigurationPlatforms) = postSolution
		{00265365-A838-4555-AF9A-8E1EC90CA1C0}.Debug|Any CPU.ActiveCfg = Debug|Any CPU
		{00265365-A838-4555-AF9A-8E1EC90CA1C0}.Debug|Any CPU.Build.0 = Debug|Any CPU
		{00265365-A838-4555-AF9A-8E1EC90CA1C0}.Release|Any CPU.ActiveCfg = Release|Any CPU
		{00265365-A838-4555-AF9A-8E1EC90CA1C0}.Release|Any CPU.Build.0 = Release|Any CPU
		{595E8ED3-E2FA-4816-9E2C-0E9F8A0B312C}.Debug|Any CPU.ActiveCfg = Debug|Any CPU
		{595E8ED3-E2FA-4816-9E2C-0E9F8A0B312C}.Debug|Any CPU.Build.0 = Debug|Any CPU
		{595E8ED3-E2FA-4816-9E2C-0E9F8A0B312C}.Release|Any CPU.ActiveCfg = Release|Any CPU
		{595E8ED3-E2FA-4816-9E2C-0E9F8A0B312C}.Release|Any CPU.Build.0 = Release|Any CPU
		{5E4CF8FB-6C6D-49A0-A8D5-2722048065D8}.Debug|Any CPU.ActiveCfg = Debug|Any CPU
		{5E4CF8FB-6C6D-49A0-A8D5-2722048065D8}.Release|Any CPU.ActiveCfg = Debug|Any CPU
		{5E4CF8FB-6C6D-49A0-A8D5-2722048065D8}.Release|Any CPU.Build.0 = Debug|Any CPU
	EndGlobalSection
	GlobalSection(SolutionProperties) = preSolution
		HideSolutionNode = FALSE
	EndGlobalSection
	GlobalSection(NestedProjects) = preSolution
		{595E8ED3-E2FA-4816-9E2C-0E9F8A0B312C} = {743FF9A5-6DC3-4088-AB78-F70CCB48907F}
	EndGlobalSection
EndGlobal
